// !$*UTF8*$!
{
	archiveVersion = 1;
	classes = {
	};
	objectVersion = 48;
	objects = {

/* Begin PBXBuildFile section */
		BE0131FB1F9231F800F9019B /* AppDelegate.swift in Sources */ = {isa = PBXBuildFile; fileRef = BE0131FA1F9231F800F9019B /* AppDelegate.swift */; };
		BE0132001F9231F800F9019B /* Main.storyboard in Resources */ = {isa = PBXBuildFile; fileRef = BE0131FE1F9231F800F9019B /* Main.storyboard */; };
		BE0132021F9231F800F9019B /* Assets.xcassets in Resources */ = {isa = PBXBuildFile; fileRef = BE0132011F9231F800F9019B /* Assets.xcassets */; };
		BE0132051F9231F800F9019B /* LaunchScreen.storyboard in Resources */ = {isa = PBXBuildFile; fileRef = BE0132031F9231F800F9019B /* LaunchScreen.storyboard */; };
		BE0132101F9231F800F9019B /* Amaysim_ExamTests.swift in Sources */ = {isa = PBXBuildFile; fileRef = BE01320F1F9231F800F9019B /* Amaysim_ExamTests.swift */; };
		BE3AAF0C1F937B8D00D50B9D /* Result.swift in Sources */ = {isa = PBXBuildFile; fileRef = BE3AAF0B1F937B8D00D50B9D /* Result.swift */; };
		BE3AAF0D1F937B8D00D50B9D /* Result.swift in Sources */ = {isa = PBXBuildFile; fileRef = BE3AAF0B1F937B8D00D50B9D /* Result.swift */; };
		BE3AAF131F937C6900D50B9D /* LoginInteractor.swift in Sources */ = {isa = PBXBuildFile; fileRef = BE3AAF121F937C6900D50B9D /* LoginInteractor.swift */; };
		BE3AAF141F937C6900D50B9D /* LoginInteractor.swift in Sources */ = {isa = PBXBuildFile; fileRef = BE3AAF121F937C6900D50B9D /* LoginInteractor.swift */; };
		BE3AAF171F937C9900D50B9D /* LoginPresenter.swift in Sources */ = {isa = PBXBuildFile; fileRef = BE3AAF161F937C9900D50B9D /* LoginPresenter.swift */; };
		BE3AAF181F937C9900D50B9D /* LoginPresenter.swift in Sources */ = {isa = PBXBuildFile; fileRef = BE3AAF161F937C9900D50B9D /* LoginPresenter.swift */; };
		BE3AAF1A1F937E7F00D50B9D /* Protocols.swift in Sources */ = {isa = PBXBuildFile; fileRef = BE3AAF191F937E7F00D50B9D /* Protocols.swift */; };
		BE3AAF1B1F937E7F00D50B9D /* Protocols.swift in Sources */ = {isa = PBXBuildFile; fileRef = BE3AAF191F937E7F00D50B9D /* Protocols.swift */; };
		BE3AAF1E1F937F3500D50B9D /* Extensions.swift in Sources */ = {isa = PBXBuildFile; fileRef = BE3AAF1D1F937F3500D50B9D /* Extensions.swift */; };
		BE3AAF1F1F937F3500D50B9D /* Extensions.swift in Sources */ = {isa = PBXBuildFile; fileRef = BE3AAF1D1F937F3500D50B9D /* Extensions.swift */; };
		BE3AAF221F9383ED00D50B9D /* LoginErrors.swift in Sources */ = {isa = PBXBuildFile; fileRef = BE3AAF211F9383ED00D50B9D /* LoginErrors.swift */; };
		BE3AAF231F9383ED00D50B9D /* LoginErrors.swift in Sources */ = {isa = PBXBuildFile; fileRef = BE3AAF211F9383ED00D50B9D /* LoginErrors.swift */; };
		BE3AAF241F93987500D50B9D /* collection.json in Resources */ = {isa = PBXBuildFile; fileRef = BE57F95F1F9363990052DD0E /* collection.json */; };
		BE3AAF251F93987600D50B9D /* collection.json in Resources */ = {isa = PBXBuildFile; fileRef = BE57F95F1F9363990052DD0E /* collection.json */; };
		BE3AAF471F939FD600D50B9D /* SplashScreenViewController.swift in Sources */ = {isa = PBXBuildFile; fileRef = BE3AAF461F939FD600D50B9D /* SplashScreenViewController.swift */; };
		BE3AAF481F939FD600D50B9D /* SplashScreenViewController.swift in Sources */ = {isa = PBXBuildFile; fileRef = BE3AAF461F939FD600D50B9D /* SplashScreenViewController.swift */; };
		BE3AAF4B1F93A0FC00D50B9D /* SplashViewModel.swift in Sources */ = {isa = PBXBuildFile; fileRef = BE3AAF4A1F93A0FC00D50B9D /* SplashViewModel.swift */; };
		BE3AAF4C1F93A0FC00D50B9D /* SplashViewModel.swift in Sources */ = {isa = PBXBuildFile; fileRef = BE3AAF4A1F93A0FC00D50B9D /* SplashViewModel.swift */; };
		BE57F9621F9364260052DD0E /* Account.swift in Sources */ = {isa = PBXBuildFile; fileRef = BE57F9611F9364260052DD0E /* Account.swift */; };
		BE57F9631F9364260052DD0E /* Account.swift in Sources */ = {isa = PBXBuildFile; fileRef = BE57F9611F9364260052DD0E /* Account.swift */; };
		BE57F9651F9364520052DD0E /* Service.swift in Sources */ = {isa = PBXBuildFile; fileRef = BE57F9641F9364520052DD0E /* Service.swift */; };
		BE57F9661F9364520052DD0E /* Service.swift in Sources */ = {isa = PBXBuildFile; fileRef = BE57F9641F9364520052DD0E /* Service.swift */; };
		BE57F9681F93646C0052DD0E /* Subscription.swift in Sources */ = {isa = PBXBuildFile; fileRef = BE57F9671F93646C0052DD0E /* Subscription.swift */; };
		BE57F9691F93646C0052DD0E /* Subscription.swift in Sources */ = {isa = PBXBuildFile; fileRef = BE57F9671F93646C0052DD0E /* Subscription.swift */; };
		BE57F96B1F93649A0052DD0E /* Product.swift in Sources */ = {isa = PBXBuildFile; fileRef = BE57F96A1F93649A0052DD0E /* Product.swift */; };
		BE57F96C1F93649A0052DD0E /* Product.swift in Sources */ = {isa = PBXBuildFile; fileRef = BE57F96A1F93649A0052DD0E /* Product.swift */; };
		BE57F96E1F9364B30052DD0E /* AccountDocument.swift in Sources */ = {isa = PBXBuildFile; fileRef = BE57F96D1F9364B30052DD0E /* AccountDocument.swift */; };
		BE57F96F1F9364B30052DD0E /* AccountDocument.swift in Sources */ = {isa = PBXBuildFile; fileRef = BE57F96D1F9364B30052DD0E /* AccountDocument.swift */; };
		BE57F98E1F936E0A0052DD0E /* Main.storyboard in Resources */ = {isa = PBXBuildFile; fileRef = BE0131FE1F9231F800F9019B /* Main.storyboard */; };
		BE57F9921F9371D10052DD0E /* LoginViewController.swift in Sources */ = {isa = PBXBuildFile; fileRef = BE57F9911F9371D10052DD0E /* LoginViewController.swift */; };
		BE57F9931F9371D10052DD0E /* LoginViewController.swift in Sources */ = {isa = PBXBuildFile; fileRef = BE57F9911F9371D10052DD0E /* LoginViewController.swift */; };
		BE57F9961F9372A30052DD0E /* AppCoordinator.swift in Sources */ = {isa = PBXBuildFile; fileRef = BE57F9951F9372A30052DD0E /* AppCoordinator.swift */; };
		BE57F9971F9372A30052DD0E /* AppCoordinator.swift in Sources */ = {isa = PBXBuildFile; fileRef = BE57F9951F9372A30052DD0E /* AppCoordinator.swift */; };
		BE57F99A1F9377AF0052DD0E /* LoginModuleInterface.swift in Sources */ = {isa = PBXBuildFile; fileRef = BE57F9991F9377AF0052DD0E /* LoginModuleInterface.swift */; };
		BE57F99B1F9377AF0052DD0E /* LoginModuleInterface.swift in Sources */ = {isa = PBXBuildFile; fileRef = BE57F9991F9377AF0052DD0E /* LoginModuleInterface.swift */; };
		BEB504C81F93ABE10005D3C3 /* AccountViewController.swift in Sources */ = {isa = PBXBuildFile; fileRef = BEB504C71F93ABE10005D3C3 /* AccountViewController.swift */; };
		BEB504CB1F93B5A30005D3C3 /* AccountViewModel.swift in Sources */ = {isa = PBXBuildFile; fileRef = BEB504CA1F93B5A30005D3C3 /* AccountViewModel.swift */; };
/* End PBXBuildFile section */

/* Begin PBXContainerItemProxy section */
		BE01320C1F9231F800F9019B /* PBXContainerItemProxy */ = {
			isa = PBXContainerItemProxy;
			containerPortal = BE0131EF1F9231F800F9019B /* Project object */;
			proxyType = 1;
			remoteGlobalIDString = BE0131F61F9231F800F9019B;
			remoteInfo = "Amaysim-Exam";
		};
/* End PBXContainerItemProxy section */

/* Begin PBXFileReference section */
		BE0131F71F9231F800F9019B /* Amaysim-Exam.app */ = {isa = PBXFileReference; explicitFileType = wrapper.application; includeInIndex = 0; path = "Amaysim-Exam.app"; sourceTree = BUILT_PRODUCTS_DIR; };
		BE0131FA1F9231F800F9019B /* AppDelegate.swift */ = {isa = PBXFileReference; lastKnownFileType = sourcecode.swift; path = AppDelegate.swift; sourceTree = "<group>"; };
		BE0131FF1F9231F800F9019B /* Base */ = {isa = PBXFileReference; lastKnownFileType = file.storyboard; name = Base; path = Base.lproj/Main.storyboard; sourceTree = "<group>"; };
		BE0132011F9231F800F9019B /* Assets.xcassets */ = {isa = PBXFileReference; lastKnownFileType = folder.assetcatalog; path = Assets.xcassets; sourceTree = "<group>"; };
		BE0132041F9231F800F9019B /* Base */ = {isa = PBXFileReference; lastKnownFileType = file.storyboard; name = Base; path = Base.lproj/LaunchScreen.storyboard; sourceTree = "<group>"; };
		BE0132061F9231F800F9019B /* Info.plist */ = {isa = PBXFileReference; lastKnownFileType = text.plist.xml; path = Info.plist; sourceTree = "<group>"; };
		BE01320B1F9231F800F9019B /* Amaysim-ExamTests.xctest */ = {isa = PBXFileReference; explicitFileType = wrapper.cfbundle; includeInIndex = 0; path = "Amaysim-ExamTests.xctest"; sourceTree = BUILT_PRODUCTS_DIR; };
		BE01320F1F9231F800F9019B /* Amaysim_ExamTests.swift */ = {isa = PBXFileReference; lastKnownFileType = sourcecode.swift; path = Amaysim_ExamTests.swift; sourceTree = "<group>"; };
		BE0132111F9231F800F9019B /* Info.plist */ = {isa = PBXFileReference; lastKnownFileType = text.plist.xml; path = Info.plist; sourceTree = "<group>"; };
		BE3AAF0B1F937B8D00D50B9D /* Result.swift */ = {isa = PBXFileReference; lastKnownFileType = sourcecode.swift; path = Result.swift; sourceTree = "<group>"; };
		BE3AAF121F937C6900D50B9D /* LoginInteractor.swift */ = {isa = PBXFileReference; lastKnownFileType = sourcecode.swift; path = LoginInteractor.swift; sourceTree = "<group>"; };
		BE3AAF161F937C9900D50B9D /* LoginPresenter.swift */ = {isa = PBXFileReference; lastKnownFileType = sourcecode.swift; path = LoginPresenter.swift; sourceTree = "<group>"; };
		BE3AAF191F937E7F00D50B9D /* Protocols.swift */ = {isa = PBXFileReference; lastKnownFileType = sourcecode.swift; path = Protocols.swift; sourceTree = "<group>"; };
		BE3AAF1D1F937F3500D50B9D /* Extensions.swift */ = {isa = PBXFileReference; lastKnownFileType = sourcecode.swift; path = Extensions.swift; sourceTree = "<group>"; };
		BE3AAF211F9383ED00D50B9D /* LoginErrors.swift */ = {isa = PBXFileReference; lastKnownFileType = sourcecode.swift; path = LoginErrors.swift; sourceTree = "<group>"; };
		BE3AAF461F939FD600D50B9D /* SplashScreenViewController.swift */ = {isa = PBXFileReference; lastKnownFileType = sourcecode.swift; path = SplashScreenViewController.swift; sourceTree = "<group>"; };
		BE3AAF4A1F93A0FC00D50B9D /* SplashViewModel.swift */ = {isa = PBXFileReference; lastKnownFileType = sourcecode.swift; path = SplashViewModel.swift; sourceTree = "<group>"; };
		BE57F95F1F9363990052DD0E /* collection.json */ = {isa = PBXFileReference; lastKnownFileType = text.json; path = collection.json; sourceTree = "<group>"; };
		BE57F9611F9364260052DD0E /* Account.swift */ = {isa = PBXFileReference; lastKnownFileType = sourcecode.swift; path = Account.swift; sourceTree = "<group>"; };
		BE57F9641F9364520052DD0E /* Service.swift */ = {isa = PBXFileReference; lastKnownFileType = sourcecode.swift; path = Service.swift; sourceTree = "<group>"; };
		BE57F9671F93646C0052DD0E /* Subscription.swift */ = {isa = PBXFileReference; lastKnownFileType = sourcecode.swift; path = Subscription.swift; sourceTree = "<group>"; };
		BE57F96A1F93649A0052DD0E /* Product.swift */ = {isa = PBXFileReference; lastKnownFileType = sourcecode.swift; path = Product.swift; sourceTree = "<group>"; };
		BE57F96D1F9364B30052DD0E /* AccountDocument.swift */ = {isa = PBXFileReference; lastKnownFileType = sourcecode.swift; path = AccountDocument.swift; sourceTree = "<group>"; };
		BE57F9911F9371D10052DD0E /* LoginViewController.swift */ = {isa = PBXFileReference; lastKnownFileType = sourcecode.swift; path = LoginViewController.swift; sourceTree = "<group>"; };
		BE57F9951F9372A30052DD0E /* AppCoordinator.swift */ = {isa = PBXFileReference; lastKnownFileType = sourcecode.swift; path = AppCoordinator.swift; sourceTree = "<group>"; };
		BE57F9991F9377AF0052DD0E /* LoginModuleInterface.swift */ = {isa = PBXFileReference; lastKnownFileType = sourcecode.swift; path = LoginModuleInterface.swift; sourceTree = "<group>"; };
		BEB504C71F93ABE10005D3C3 /* AccountViewController.swift */ = {isa = PBXFileReference; lastKnownFileType = sourcecode.swift; path = AccountViewController.swift; sourceTree = "<group>"; };
		BEB504CA1F93B5A30005D3C3 /* AccountViewModel.swift */ = {isa = PBXFileReference; lastKnownFileType = sourcecode.swift; path = AccountViewModel.swift; sourceTree = "<group>"; };
/* End PBXFileReference section */

/* Begin PBXFrameworksBuildPhase section */
		BE0131F41F9231F800F9019B /* Frameworks */ = {
			isa = PBXFrameworksBuildPhase;
			buildActionMask = 2147483647;
			files = (
			);
			runOnlyForDeploymentPostprocessing = 0;
		};
		BE0132081F9231F800F9019B /* Frameworks */ = {
			isa = PBXFrameworksBuildPhase;
			buildActionMask = 2147483647;
			files = (
			);
			runOnlyForDeploymentPostprocessing = 0;
		};
/* End PBXFrameworksBuildPhase section */

/* Begin PBXGroup section */
		BE0131EE1F9231F800F9019B = {
			isa = PBXGroup;
			children = (
				BE0131F91F9231F800F9019B /* Amaysim-Exam */,
				BE01320E1F9231F800F9019B /* Amaysim-ExamTests */,
				BE0131F81F9231F800F9019B /* Products */,
			);
			sourceTree = "<group>";
		};
		BE0131F81F9231F800F9019B /* Products */ = {
			isa = PBXGroup;
			children = (
				BE0131F71F9231F800F9019B /* Amaysim-Exam.app */,
				BE01320B1F9231F800F9019B /* Amaysim-ExamTests.xctest */,
			);
			name = Products;
			sourceTree = "<group>";
		};
		BE0131F91F9231F800F9019B /* Amaysim-Exam */ = {
			isa = PBXGroup;
			children = (
				BE0131FA1F9231F800F9019B /* AppDelegate.swift */,
				BE3AAF0A1F937B7C00D50B9D /* Helpers */,
				BE57F9941F93727E0052DD0E /* Coordinators */,
				BE57F9601F9363E20052DD0E /* Models */,
				BE57F98F1F9370CE0052DD0E /* Modules */,
				BE57F95E1F93621A0052DD0E /* Resources */,
				BE0131FE1F9231F800F9019B /* Main.storyboard */,
				BE0132011F9231F800F9019B /* Assets.xcassets */,
				BE0132031F9231F800F9019B /* LaunchScreen.storyboard */,
				BE57F95F1F9363990052DD0E /* collection.json */,
				BE0132061F9231F800F9019B /* Info.plist */,
			);
			path = "Amaysim-Exam";
			sourceTree = "<group>";
		};
		BE01320E1F9231F800F9019B /* Amaysim-ExamTests */ = {
			isa = PBXGroup;
			children = (
				BE01320F1F9231F800F9019B /* Amaysim_ExamTests.swift */,
				BE0132111F9231F800F9019B /* Info.plist */,
			);
			path = "Amaysim-ExamTests";
			sourceTree = "<group>";
		};
		BE3AAF0A1F937B7C00D50B9D /* Helpers */ = {
			isa = PBXGroup;
			children = (
				BE3AAF0B1F937B8D00D50B9D /* Result.swift */,
				BE3AAF191F937E7F00D50B9D /* Protocols.swift */,
				BE3AAF1D1F937F3500D50B9D /* Extensions.swift */,
			);
			path = Helpers;
			sourceTree = "<group>";
		};
		BE3AAF0E1F937C0700D50B9D /* Interactor */ = {
			isa = PBXGroup;
			children = (
				BE3AAF121F937C6900D50B9D /* LoginInteractor.swift */,
			);
			path = Interactor;
			sourceTree = "<group>";
		};
		BE3AAF151F937C8400D50B9D /* Presenter */ = {
			isa = PBXGroup;
			children = (
				BE3AAF161F937C9900D50B9D /* LoginPresenter.swift */,
			);
			path = Presenter;
			sourceTree = "<group>";
		};
		BE3AAF1C1F937ECC00D50B9D /* Login */ = {
			isa = PBXGroup;
			children = (
				BE3AAF201F9383DD00D50B9D /* Errors */,
				BE3AAF0E1F937C0700D50B9D /* Interactor */,
				BE3AAF151F937C8400D50B9D /* Presenter */,
				BE57F9981F93772E0052DD0E /* Interface */,
				BE57F9901F93716B0052DD0E /* View */,
			);
			path = Login;
			sourceTree = "<group>";
		};
		BE3AAF201F9383DD00D50B9D /* Errors */ = {
			isa = PBXGroup;
			children = (
				BE3AAF211F9383ED00D50B9D /* LoginErrors.swift */,
			);
			path = Errors;
			sourceTree = "<group>";
		};
		BE3AAF441F939FA800D50B9D /* Splash */ = {
			isa = PBXGroup;
			children = (
				BE3AAF451F939FB900D50B9D /* View */,
				BE3AAF491F93A0D800D50B9D /* View Model */,
			);
			path = Splash;
			sourceTree = "<group>";
		};
		BE3AAF451F939FB900D50B9D /* View */ = {
			isa = PBXGroup;
			children = (
				BE3AAF461F939FD600D50B9D /* SplashScreenViewController.swift */,
			);
			path = View;
			sourceTree = "<group>";
		};
		BE3AAF491F93A0D800D50B9D /* View Model */ = {
			isa = PBXGroup;
			children = (
				BE3AAF4A1F93A0FC00D50B9D /* SplashViewModel.swift */,
			);
			path = "View Model";
			sourceTree = "<group>";
		};
		BE57F95E1F93621A0052DD0E /* Resources */ = {
			isa = PBXGroup;
			children = (
			);
			path = Resources;
			sourceTree = "<group>";
		};
		BE57F9601F9363E20052DD0E /* Models */ = {
			isa = PBXGroup;
			children = (
				BE57F9611F9364260052DD0E /* Account.swift */,
				BE57F9641F9364520052DD0E /* Service.swift */,
				BE57F9671F93646C0052DD0E /* Subscription.swift */,
				BE57F96A1F93649A0052DD0E /* Product.swift */,
				BE57F96D1F9364B30052DD0E /* AccountDocument.swift */,
			);
			path = Models;
			sourceTree = "<group>";
		};
		BE57F98F1F9370CE0052DD0E /* Modules */ = {
			isa = PBXGroup;
			children = (
				BE3AAF1C1F937ECC00D50B9D /* Login */,
				BE3AAF441F939FA800D50B9D /* Splash */,
				BEB504C51F93AB6F0005D3C3 /* Account */,
			);
			path = Modules;
			sourceTree = "<group>";
		};
		BE57F9901F93716B0052DD0E /* View */ = {
			isa = PBXGroup;
			children = (
				BE57F9911F9371D10052DD0E /* LoginViewController.swift */,
			);
			path = View;
			sourceTree = "<group>";
		};
		BE57F9941F93727E0052DD0E /* Coordinators */ = {
			isa = PBXGroup;
			children = (
				BE57F9951F9372A30052DD0E /* AppCoordinator.swift */,
			);
			path = Coordinators;
			sourceTree = "<group>";
		};
		BE57F9981F93772E0052DD0E /* Interface */ = {
			isa = PBXGroup;
			children = (
				BE57F9991F9377AF0052DD0E /* LoginModuleInterface.swift */,
			);
			path = Interface;
			sourceTree = "<group>";
		};
		BEB504C51F93AB6F0005D3C3 /* Account */ = {
			isa = PBXGroup;
			children = (
				BEB504C61F93AB8A0005D3C3 /* View */,
				BEB504C91F93B5720005D3C3 /* View Model */,
			);
			path = Account;
			sourceTree = "<group>";
		};
		BEB504C61F93AB8A0005D3C3 /* View */ = {
			isa = PBXGroup;
			children = (
				BEB504C71F93ABE10005D3C3 /* AccountViewController.swift */,
			);
			path = View;
			sourceTree = "<group>";
		};
		BEB504C91F93B5720005D3C3 /* View Model */ = {
			isa = PBXGroup;
			children = (
				BEB504CA1F93B5A30005D3C3 /* AccountViewModel.swift */,
			);
			path = "View Model";
			sourceTree = "<group>";
		};
/* End PBXGroup section */

/* Begin PBXNativeTarget section */
		BE0131F61F9231F800F9019B /* Amaysim-Exam */ = {
			isa = PBXNativeTarget;
			buildConfigurationList = BE0132141F9231F800F9019B /* Build configuration list for PBXNativeTarget "Amaysim-Exam" */;
			buildPhases = (
				BE0131F31F9231F800F9019B /* Sources */,
				BE0131F41F9231F800F9019B /* Frameworks */,
				BE0131F51F9231F800F9019B /* Resources */,
			);
			buildRules = (
			);
			dependencies = (
			);
			name = "Amaysim-Exam";
			productName = "Amaysim-Exam";
			productReference = BE0131F71F9231F800F9019B /* Amaysim-Exam.app */;
			productType = "com.apple.product-type.application";
		};
		BE01320A1F9231F800F9019B /* Amaysim-ExamTests */ = {
			isa = PBXNativeTarget;
			buildConfigurationList = BE0132171F9231F800F9019B /* Build configuration list for PBXNativeTarget "Amaysim-ExamTests" */;
			buildPhases = (
				BE0132071F9231F800F9019B /* Sources */,
				BE0132081F9231F800F9019B /* Frameworks */,
				BE0132091F9231F800F9019B /* Resources */,
			);
			buildRules = (
			);
			dependencies = (
				BE01320D1F9231F800F9019B /* PBXTargetDependency */,
			);
			name = "Amaysim-ExamTests";
			productName = "Amaysim-ExamTests";
			productReference = BE01320B1F9231F800F9019B /* Amaysim-ExamTests.xctest */;
			productType = "com.apple.product-type.bundle.unit-test";
		};
/* End PBXNativeTarget section */

/* Begin PBXProject section */
		BE0131EF1F9231F800F9019B /* Project object */ = {
			isa = PBXProject;
			attributes = {
				LastSwiftUpdateCheck = 0900;
				LastUpgradeCheck = 0900;
				ORGANIZATIONNAME = "Mark Jeremiah Jimenez";
				TargetAttributes = {
					BE0131F61F9231F800F9019B = {
						CreatedOnToolsVersion = 9.0;
						ProvisioningStyle = Automatic;
					};
					BE01320A1F9231F800F9019B = {
						CreatedOnToolsVersion = 9.0;
						ProvisioningStyle = Automatic;
						TestTargetID = BE0131F61F9231F800F9019B;
					};
				};
			};
			buildConfigurationList = BE0131F21F9231F800F9019B /* Build configuration list for PBXProject "Amaysim-Exam" */;
			compatibilityVersion = "Xcode 8.0";
			developmentRegion = en;
			hasScannedForEncodings = 0;
			knownRegions = (
				en,
				Base,
			);
			mainGroup = BE0131EE1F9231F800F9019B;
			productRefGroup = BE0131F81F9231F800F9019B /* Products */;
			projectDirPath = "";
			projectRoot = "";
			targets = (
				BE0131F61F9231F800F9019B /* Amaysim-Exam */,
				BE01320A1F9231F800F9019B /* Amaysim-ExamTests */,
			);
		};
/* End PBXProject section */

/* Begin PBXResourcesBuildPhase section */
		BE0131F51F9231F800F9019B /* Resources */ = {
			isa = PBXResourcesBuildPhase;
			buildActionMask = 2147483647;
			files = (
				BE0132051F9231F800F9019B /* LaunchScreen.storyboard in Resources */,
				BE0132021F9231F800F9019B /* Assets.xcassets in Resources */,
				BE0132001F9231F800F9019B /* Main.storyboard in Resources */,
				BE3AAF241F93987500D50B9D /* collection.json in Resources */,
			);
			runOnlyForDeploymentPostprocessing = 0;
		};
		BE0132091F9231F800F9019B /* Resources */ = {
			isa = PBXResourcesBuildPhase;
			buildActionMask = 2147483647;
			files = (
				BE57F98E1F936E0A0052DD0E /* Main.storyboard in Resources */,
				BE3AAF251F93987600D50B9D /* collection.json in Resources */,
			);
			runOnlyForDeploymentPostprocessing = 0;
		};
/* End PBXResourcesBuildPhase section */

/* Begin PBXSourcesBuildPhase section */
		BE0131F31F9231F800F9019B /* Sources */ = {
			isa = PBXSourcesBuildPhase;
			buildActionMask = 2147483647;
			files = (
				BE3AAF171F937C9900D50B9D /* LoginPresenter.swift in Sources */,
				BE57F99A1F9377AF0052DD0E /* LoginModuleInterface.swift in Sources */,
				BE3AAF131F937C6900D50B9D /* LoginInteractor.swift in Sources */,
				BE57F9921F9371D10052DD0E /* LoginViewController.swift in Sources */,
				BE57F96E1F9364B30052DD0E /* AccountDocument.swift in Sources */,
				BE57F9651F9364520052DD0E /* Service.swift in Sources */,
				BE0131FB1F9231F800F9019B /* AppDelegate.swift in Sources */,
				BE57F9961F9372A30052DD0E /* AppCoordinator.swift in Sources */,
				BEB504C81F93ABE10005D3C3 /* AccountViewController.swift in Sources */,
				BE3AAF0C1F937B8D00D50B9D /* Result.swift in Sources */,
				BEB504CB1F93B5A30005D3C3 /* AccountViewModel.swift in Sources */,
				BE3AAF1A1F937E7F00D50B9D /* Protocols.swift in Sources */,
				BE3AAF471F939FD600D50B9D /* SplashScreenViewController.swift in Sources */,
				BE3AAF4B1F93A0FC00D50B9D /* SplashViewModel.swift in Sources */,
				BE57F9621F9364260052DD0E /* Account.swift in Sources */,
				BE57F9681F93646C0052DD0E /* Subscription.swift in Sources */,
				BE57F96B1F93649A0052DD0E /* Product.swift in Sources */,
				BE3AAF221F9383ED00D50B9D /* LoginErrors.swift in Sources */,
				BE3AAF1E1F937F3500D50B9D /* Extensions.swift in Sources */,
			);
			runOnlyForDeploymentPostprocessing = 0;
		};
		BE0132071F9231F800F9019B /* Sources */ = {
			isa = PBXSourcesBuildPhase;
			buildActionMask = 2147483647;
			files = (
				BE3AAF181F937C9900D50B9D /* LoginPresenter.swift in Sources */,
				BE57F99B1F9377AF0052DD0E /* LoginModuleInterface.swift in Sources */,
				BE3AAF141F937C6900D50B9D /* LoginInteractor.swift in Sources */,
				BE57F9931F9371D10052DD0E /* LoginViewController.swift in Sources */,
				BE0132101F9231F800F9019B /* Amaysim_ExamTests.swift in Sources */,
				BE57F9631F9364260052DD0E /* Account.swift in Sources */,
				BE57F96C1F93649A0052DD0E /* Product.swift in Sources */,
				BE57F9971F9372A30052DD0E /* AppCoordinator.swift in Sources */,
				BE3AAF0D1F937B8D00D50B9D /* Result.swift in Sources */,
				BE3AAF1B1F937E7F00D50B9D /* Protocols.swift in Sources */,
				BE3AAF481F939FD600D50B9D /* SplashScreenViewController.swift in Sources */,
				BE3AAF4C1F93A0FC00D50B9D /* SplashViewModel.swift in Sources */,
				BE57F9691F93646C0052DD0E /* Subscription.swift in Sources */,
				BE57F96F1F9364B30052DD0E /* AccountDocument.swift in Sources */,
				BE57F9661F9364520052DD0E /* Service.swift in Sources */,
				BE3AAF231F9383ED00D50B9D /* LoginErrors.swift in Sources */,
				BE3AAF1F1F937F3500D50B9D /* Extensions.swift in Sources */,
			);
			runOnlyForDeploymentPostprocessing = 0;
		};
/* End PBXSourcesBuildPhase section */

/* Begin PBXTargetDependency section */
		BE01320D1F9231F800F9019B /* PBXTargetDependency */ = {
			isa = PBXTargetDependency;
			target = BE0131F61F9231F800F9019B /* Amaysim-Exam */;
			targetProxy = BE01320C1F9231F800F9019B /* PBXContainerItemProxy */;
		};
/* End PBXTargetDependency section */

/* Begin PBXVariantGroup section */
		BE0131FE1F9231F800F9019B /* Main.storyboard */ = {
			isa = PBXVariantGroup;
			children = (
				BE0131FF1F9231F800F9019B /* Base */,
			);
			name = Main.storyboard;
			sourceTree = "<group>";
		};
		BE0132031F9231F800F9019B /* LaunchScreen.storyboard */ = {
			isa = PBXVariantGroup;
			children = (
				BE0132041F9231F800F9019B /* Base */,
			);
			name = LaunchScreen.storyboard;
			sourceTree = "<group>";
		};
/* End PBXVariantGroup section */

/* Begin XCBuildConfiguration section */
		BE0132121F9231F800F9019B /* Debug */ = {
			isa = XCBuildConfiguration;
			buildSettings = {
				ALWAYS_SEARCH_USER_PATHS = NO;
				CLANG_ANALYZER_NONNULL = YES;
				CLANG_ANALYZER_NUMBER_OBJECT_CONVERSION = YES_AGGRESSIVE;
				CLANG_CXX_LANGUAGE_STANDARD = "gnu++14";
				CLANG_CXX_LIBRARY = "libc++";
				CLANG_ENABLE_MODULES = YES;
				CLANG_ENABLE_OBJC_ARC = YES;
				CLANG_WARN_BLOCK_CAPTURE_AUTORELEASING = YES;
				CLANG_WARN_BOOL_CONVERSION = YES;
				CLANG_WARN_COMMA = YES;
				CLANG_WARN_CONSTANT_CONVERSION = YES;
				CLANG_WARN_DIRECT_OBJC_ISA_USAGE = YES_ERROR;
				CLANG_WARN_DOCUMENTATION_COMMENTS = YES;
				CLANG_WARN_EMPTY_BODY = YES;
				CLANG_WARN_ENUM_CONVERSION = YES;
				CLANG_WARN_INFINITE_RECURSION = YES;
				CLANG_WARN_INT_CONVERSION = YES;
				CLANG_WARN_NON_LITERAL_NULL_CONVERSION = YES;
				CLANG_WARN_OBJC_LITERAL_CONVERSION = YES;
				CLANG_WARN_OBJC_ROOT_CLASS = YES_ERROR;
				CLANG_WARN_RANGE_LOOP_ANALYSIS = YES;
				CLANG_WARN_STRICT_PROTOTYPES = YES;
				CLANG_WARN_SUSPICIOUS_MOVE = YES;
				CLANG_WARN_UNGUARDED_AVAILABILITY = YES_AGGRESSIVE;
				CLANG_WARN_UNREACHABLE_CODE = YES;
				CLANG_WARN__DUPLICATE_METHOD_MATCH = YES;
				CODE_SIGN_IDENTITY = "iPhone Developer";
				COPY_PHASE_STRIP = NO;
				DEBUG_INFORMATION_FORMAT = dwarf;
				ENABLE_STRICT_OBJC_MSGSEND = YES;
				ENABLE_TESTABILITY = YES;
				GCC_C_LANGUAGE_STANDARD = gnu11;
				GCC_DYNAMIC_NO_PIC = NO;
				GCC_NO_COMMON_BLOCKS = YES;
				GCC_OPTIMIZATION_LEVEL = 0;
				GCC_PREPROCESSOR_DEFINITIONS = (
					"DEBUG=1",
					"$(inherited)",
				);
				GCC_WARN_64_TO_32_BIT_CONVERSION = YES;
				GCC_WARN_ABOUT_RETURN_TYPE = YES_ERROR;
				GCC_WARN_UNDECLARED_SELECTOR = YES;
				GCC_WARN_UNINITIALIZED_AUTOS = YES_AGGRESSIVE;
				GCC_WARN_UNUSED_FUNCTION = YES;
				GCC_WARN_UNUSED_VARIABLE = YES;
				IPHONEOS_DEPLOYMENT_TARGET = 11.0;
				MTL_ENABLE_DEBUG_INFO = YES;
				ONLY_ACTIVE_ARCH = YES;
				SDKROOT = iphoneos;
				SWIFT_ACTIVE_COMPILATION_CONDITIONS = DEBUG;
				SWIFT_OPTIMIZATION_LEVEL = "-Onone";
			};
			name = Debug;
		};
		BE0132131F9231F800F9019B /* Release */ = {
			isa = XCBuildConfiguration;
			buildSettings = {
				ALWAYS_SEARCH_USER_PATHS = NO;
				CLANG_ANALYZER_NONNULL = YES;
				CLANG_ANALYZER_NUMBER_OBJECT_CONVERSION = YES_AGGRESSIVE;
				CLANG_CXX_LANGUAGE_STANDARD = "gnu++14";
				CLANG_CXX_LIBRARY = "libc++";
				CLANG_ENABLE_MODULES = YES;
				CLANG_ENABLE_OBJC_ARC = YES;
				CLANG_WARN_BLOCK_CAPTURE_AUTORELEASING = YES;
				CLANG_WARN_BOOL_CONVERSION = YES;
				CLANG_WARN_COMMA = YES;
				CLANG_WARN_CONSTANT_CONVERSION = YES;
				CLANG_WARN_DIRECT_OBJC_ISA_USAGE = YES_ERROR;
				CLANG_WARN_DOCUMENTATION_COMMENTS = YES;
				CLANG_WARN_EMPTY_BODY = YES;
				CLANG_WARN_ENUM_CONVERSION = YES;
				CLANG_WARN_INFINITE_RECURSION = YES;
				CLANG_WARN_INT_CONVERSION = YES;
				CLANG_WARN_NON_LITERAL_NULL_CONVERSION = YES;
				CLANG_WARN_OBJC_LITERAL_CONVERSION = YES;
				CLANG_WARN_OBJC_ROOT_CLASS = YES_ERROR;
				CLANG_WARN_RANGE_LOOP_ANALYSIS = YES;
				CLANG_WARN_STRICT_PROTOTYPES = YES;
				CLANG_WARN_SUSPICIOUS_MOVE = YES;
				CLANG_WARN_UNGUARDED_AVAILABILITY = YES_AGGRESSIVE;
				CLANG_WARN_UNREACHABLE_CODE = YES;
				CLANG_WARN__DUPLICATE_METHOD_MATCH = YES;
				CODE_SIGN_IDENTITY = "iPhone Developer";
				COPY_PHASE_STRIP = NO;
				DEBUG_INFORMATION_FORMAT = "dwarf-with-dsym";
				ENABLE_NS_ASSERTIONS = NO;
				ENABLE_STRICT_OBJC_MSGSEND = YES;
				GCC_C_LANGUAGE_STANDARD = gnu11;
				GCC_NO_COMMON_BLOCKS = YES;
				GCC_WARN_64_TO_32_BIT_CONVERSION = YES;
				GCC_WARN_ABOUT_RETURN_TYPE = YES_ERROR;
				GCC_WARN_UNDECLARED_SELECTOR = YES;
				GCC_WARN_UNINITIALIZED_AUTOS = YES_AGGRESSIVE;
				GCC_WARN_UNUSED_FUNCTION = YES;
				GCC_WARN_UNUSED_VARIABLE = YES;
				IPHONEOS_DEPLOYMENT_TARGET = 11.0;
				MTL_ENABLE_DEBUG_INFO = NO;
				SDKROOT = iphoneos;
				SWIFT_OPTIMIZATION_LEVEL = "-Owholemodule";
				VALIDATE_PRODUCT = YES;
			};
			name = Release;
		};
		BE0132151F9231F800F9019B /* Debug */ = {
			isa = XCBuildConfiguration;
			buildSettings = {
				ASSETCATALOG_COMPILER_APPICON_NAME = AppIcon;
				CODE_SIGN_STYLE = Automatic;
				DEVELOPMENT_TEAM = L937FJ9Y4F;
				INFOPLIST_FILE = "Amaysim-Exam/Info.plist";
				IPHONEOS_DEPLOYMENT_TARGET = 9.0;
				LD_RUNPATH_SEARCH_PATHS = "$(inherited) @executable_path/Frameworks";
				PRODUCT_BUNDLE_IDENTIFIER = "com.markjimenez.Amaysim-Exam";
				PRODUCT_NAME = "$(TARGET_NAME)";
				SWIFT_VERSION = 4.0;
				TARGETED_DEVICE_FAMILY = "1,2";
			};
			name = Debug;
		};
		BE0132161F9231F800F9019B /* Release */ = {
			isa = XCBuildConfiguration;
			buildSettings = {
				ASSETCATALOG_COMPILER_APPICON_NAME = AppIcon;
				CODE_SIGN_STYLE = Automatic;
				DEVELOPMENT_TEAM = L937FJ9Y4F;
				INFOPLIST_FILE = "Amaysim-Exam/Info.plist";
				IPHONEOS_DEPLOYMENT_TARGET = 9.0;
				LD_RUNPATH_SEARCH_PATHS = "$(inherited) @executable_path/Frameworks";
				PRODUCT_BUNDLE_IDENTIFIER = "com.markjimenez.Amaysim-Exam";
				PRODUCT_NAME = "$(TARGET_NAME)";
				SWIFT_VERSION = 4.0;
				TARGETED_DEVICE_FAMILY = "1,2";
			};
			name = Release;
		};
		BE0132181F9231F800F9019B /* Debug */ = {
			isa = XCBuildConfiguration;
			buildSettings = {
				ALWAYS_EMBED_SWIFT_STANDARD_LIBRARIES = YES;
				BUNDLE_LOADER = "$(TEST_HOST)";
				CODE_SIGN_STYLE = Automatic;
				DEVELOPMENT_TEAM = L937FJ9Y4F;
				INFOPLIST_FILE = "Amaysim-ExamTests/Info.plist";
				LD_RUNPATH_SEARCH_PATHS = "$(inherited) @executable_path/Frameworks @loader_path/Frameworks";
				PRODUCT_BUNDLE_IDENTIFIER = "com.markjimenez.Amaysim-ExamTests";
				PRODUCT_NAME = "$(TARGET_NAME)";
				SWIFT_VERSION = 4.0;
				TARGETED_DEVICE_FAMILY = "1,2";
				TEST_HOST = "$(BUILT_PRODUCTS_DIR)/Amaysim-Exam.app/Amaysim-Exam";
			};
			name = Debug;
		};
		BE0132191F9231F800F9019B /* Release */ = {
			isa = XCBuildConfiguration;
			buildSettings = {
				ALWAYS_EMBED_SWIFT_STANDARD_LIBRARIES = YES;
				BUNDLE_LOADER = "$(TEST_HOST)";
				CODE_SIGN_STYLE = Automatic;
				DEVELOPMENT_TEAM = L937FJ9Y4F;
				INFOPLIST_FILE = "Amaysim-ExamTests/Info.plist";
				LD_RUNPATH_SEARCH_PATHS = "$(inherited) @executable_path/Frameworks @loader_path/Frameworks";
				PRODUCT_BUNDLE_IDENTIFIER = "com.markjimenez.Amaysim-ExamTests";
				PRODUCT_NAME = "$(TARGET_NAME)";
				SWIFT_VERSION = 4.0;
				TARGETED_DEVICE_FAMILY = "1,2";
				TEST_HOST = "$(BUILT_PRODUCTS_DIR)/Amaysim-Exam.app/Amaysim-Exam";
			};
			name = Release;
		};
/* End XCBuildConfiguration section */

/* Begin XCConfigurationList section */
		BE0131F21F9231F800F9019B /* Build configuration list for PBXProject "Amaysim-Exam" */ = {
			isa = XCConfigurationList;
			buildConfigurations = (
				BE0132121F9231F800F9019B /* Debug */,
				BE0132131F9231F800F9019B /* Release */,
			);
			defaultConfigurationIsVisible = 0;
			defaultConfigurationName = Release;
		};
		BE0132141F9231F800F9019B /* Build configuration list for PBXNativeTarget "Amaysim-Exam" */ = {
			isa = XCConfigurationList;
			buildConfigurations = (
				BE0132151F9231F800F9019B /* Debug */,
				BE0132161F9231F800F9019B /* Release */,
			);
			defaultConfigurationIsVisible = 0;
			defaultConfigurationName = Release;
		};
		BE0132171F9231F800F9019B /* Build configuration list for PBXNativeTarget "Amaysim-ExamTests" */ = {
			isa = XCConfigurationList;
			buildConfigurations = (
				BE0132181F9231F800F9019B /* Debug */,
				BE0132191F9231F800F9019B /* Release */,
			);
			defaultConfigurationIsVisible = 0;
			defaultConfigurationName = Release;
		};
/* End XCConfigurationList section */
	};
	rootObject = BE0131EF1F9231F800F9019B /* Project object */;
}
